// !$*UTF8*$!
{
	archiveVersion = 1;
	classes = {
	};
	objectVersion = 46;
	objects = {

/* Begin PBXBuildFile section */
		408C9E2E7CD76C08CE5680CC /* Pods_HelloFiixTests.framework in Frameworks */ = {isa = PBXBuildFile; fileRef = 2DABEC29584BA7B68CAE5F1C /* Pods_HelloFiixTests.framework */; };
		76F0600A1858B47ECF9F3D50 /* Pods_HelloFiixUITests.framework in Frameworks */ = {isa = PBXBuildFile; fileRef = 63368EAF04F9D71AE631BEDC /* Pods_HelloFiixUITests.framework */; };
		80D7A6411602FF8C94F64EDC /* Pods_HelloFiix.framework in Frameworks */ = {isa = PBXBuildFile; fileRef = 34629871CA6E4889CBAD1C7F /* Pods_HelloFiix.framework */; };
		DDB944731E492CC5009C94E7 /* AppDelegate.swift in Sources */ = {isa = PBXBuildFile; fileRef = DDB944721E492CC5009C94E7 /* AppDelegate.swift */; };
		DDB944751E492CC5009C94E7 /* ViewController.swift in Sources */ = {isa = PBXBuildFile; fileRef = DDB944741E492CC5009C94E7 /* ViewController.swift */; };
		DDB944781E492CC5009C94E7 /* Main.storyboard in Resources */ = {isa = PBXBuildFile; fileRef = DDB944761E492CC5009C94E7 /* Main.storyboard */; };
		DDB9447B1E492CC5009C94E7 /* HelloFiix.xcdatamodeld in Sources */ = {isa = PBXBuildFile; fileRef = DDB944791E492CC5009C94E7 /* HelloFiix.xcdatamodeld */; };
		DDB9447D1E492CC5009C94E7 /* Assets.xcassets in Resources */ = {isa = PBXBuildFile; fileRef = DDB9447C1E492CC5009C94E7 /* Assets.xcassets */; };
		DDB944801E492CC5009C94E7 /* LaunchScreen.storyboard in Resources */ = {isa = PBXBuildFile; fileRef = DDB9447E1E492CC5009C94E7 /* LaunchScreen.storyboard */; };
		DDB9448B1E492CC5009C94E7 /* HelloFiixTests.swift in Sources */ = {isa = PBXBuildFile; fileRef = DDB9448A1E492CC5009C94E7 /* HelloFiixTests.swift */; };
		DDB944961E492CC5009C94E7 /* HelloFiixUITests.swift in Sources */ = {isa = PBXBuildFile; fileRef = DDB944951E492CC5009C94E7 /* HelloFiixUITests.swift */; };
/* End PBXBuildFile section */

/* Begin PBXContainerItemProxy section */
		DDB944871E492CC5009C94E7 /* PBXContainerItemProxy */ = {
			isa = PBXContainerItemProxy;
			containerPortal = DDB944671E492CC5009C94E7 /* Project object */;
			proxyType = 1;
			remoteGlobalIDString = DDB9446E1E492CC5009C94E7;
			remoteInfo = HelloFiix;
		};
		DDB944921E492CC5009C94E7 /* PBXContainerItemProxy */ = {
			isa = PBXContainerItemProxy;
			containerPortal = DDB944671E492CC5009C94E7 /* Project object */;
			proxyType = 1;
			remoteGlobalIDString = DDB9446E1E492CC5009C94E7;
			remoteInfo = HelloFiix;
		};
/* End PBXContainerItemProxy section */

/* Begin PBXFileReference section */
		2DABEC29584BA7B68CAE5F1C /* Pods_HelloFiixTests.framework */ = {isa = PBXFileReference; explicitFileType = wrapper.framework; includeInIndex = 0; path = Pods_HelloFiixTests.framework; sourceTree = BUILT_PRODUCTS_DIR; };
		34629871CA6E4889CBAD1C7F /* Pods_HelloFiix.framework */ = {isa = PBXFileReference; explicitFileType = wrapper.framework; includeInIndex = 0; path = Pods_HelloFiix.framework; sourceTree = BUILT_PRODUCTS_DIR; };
		5E030E436CDB53D10F3178DC /* Pods-HelloFiix.release.xcconfig */ = {isa = PBXFileReference; includeInIndex = 1; lastKnownFileType = text.xcconfig; name = "Pods-HelloFiix.release.xcconfig"; path = "Pods/Target Support Files/Pods-HelloFiix/Pods-HelloFiix.release.xcconfig"; sourceTree = "<group>"; };
		63368EAF04F9D71AE631BEDC /* Pods_HelloFiixUITests.framework */ = {isa = PBXFileReference; explicitFileType = wrapper.framework; includeInIndex = 0; path = Pods_HelloFiixUITests.framework; sourceTree = BUILT_PRODUCTS_DIR; };
		8034A8FE1CA6FDA985B3F6EB /* Pods-HelloFiixUITests.release.xcconfig */ = {isa = PBXFileReference; includeInIndex = 1; lastKnownFileType = text.xcconfig; name = "Pods-HelloFiixUITests.release.xcconfig"; path = "Pods/Target Support Files/Pods-HelloFiixUITests/Pods-HelloFiixUITests.release.xcconfig"; sourceTree = "<group>"; };
		832A4AA389AA95CA769F8480 /* Pods-HelloFiixTests.release.xcconfig */ = {isa = PBXFileReference; includeInIndex = 1; lastKnownFileType = text.xcconfig; name = "Pods-HelloFiixTests.release.xcconfig"; path = "Pods/Target Support Files/Pods-HelloFiixTests/Pods-HelloFiixTests.release.xcconfig"; sourceTree = "<group>"; };
		9751BFB8C28D4E3357F96E6C /* Pods-HelloFiix.debug.xcconfig */ = {isa = PBXFileReference; includeInIndex = 1; lastKnownFileType = text.xcconfig; name = "Pods-HelloFiix.debug.xcconfig"; path = "Pods/Target Support Files/Pods-HelloFiix/Pods-HelloFiix.debug.xcconfig"; sourceTree = "<group>"; };
		9CBE6CB58B570E71F6FB4D57 /* Pods-HelloFiixUITests.debug.xcconfig */ = {isa = PBXFileReference; includeInIndex = 1; lastKnownFileType = text.xcconfig; name = "Pods-HelloFiixUITests.debug.xcconfig"; path = "Pods/Target Support Files/Pods-HelloFiixUITests/Pods-HelloFiixUITests.debug.xcconfig"; sourceTree = "<group>"; };
		BC29E3C0BDC09CEA097E1476 /* Pods-HelloFiixTests.debug.xcconfig */ = {isa = PBXFileReference; includeInIndex = 1; lastKnownFileType = text.xcconfig; name = "Pods-HelloFiixTests.debug.xcconfig"; path = "Pods/Target Support Files/Pods-HelloFiixTests/Pods-HelloFiixTests.debug.xcconfig"; sourceTree = "<group>"; };
		DDB9446F1E492CC5009C94E7 /* HelloFiix.app */ = {isa = PBXFileReference; explicitFileType = wrapper.application; includeInIndex = 0; path = HelloFiix.app; sourceTree = BUILT_PRODUCTS_DIR; };
		DDB944721E492CC5009C94E7 /* AppDelegate.swift */ = {isa = PBXFileReference; lastKnownFileType = sourcecode.swift; path = AppDelegate.swift; sourceTree = "<group>"; };
		DDB944741E492CC5009C94E7 /* ViewController.swift */ = {isa = PBXFileReference; lastKnownFileType = sourcecode.swift; path = ViewController.swift; sourceTree = "<group>"; };
		DDB944771E492CC5009C94E7 /* Base */ = {isa = PBXFileReference; lastKnownFileType = file.storyboard; name = Base; path = Base.lproj/Main.storyboard; sourceTree = "<group>"; };
		DDB9447A1E492CC5009C94E7 /* HelloFiix.xcdatamodel */ = {isa = PBXFileReference; lastKnownFileType = wrapper.xcdatamodel; path = HelloFiix.xcdatamodel; sourceTree = "<group>"; };
		DDB9447C1E492CC5009C94E7 /* Assets.xcassets */ = {isa = PBXFileReference; lastKnownFileType = folder.assetcatalog; path = Assets.xcassets; sourceTree = "<group>"; };
		DDB9447F1E492CC5009C94E7 /* Base */ = {isa = PBXFileReference; lastKnownFileType = file.storyboard; name = Base; path = Base.lproj/LaunchScreen.storyboard; sourceTree = "<group>"; };
		DDB944811E492CC5009C94E7 /* Info.plist */ = {isa = PBXFileReference; lastKnownFileType = text.plist.xml; path = Info.plist; sourceTree = "<group>"; };
		DDB944861E492CC5009C94E7 /* HelloFiixTests.xctest */ = {isa = PBXFileReference; explicitFileType = wrapper.cfbundle; includeInIndex = 0; path = HelloFiixTests.xctest; sourceTree = BUILT_PRODUCTS_DIR; };
		DDB9448A1E492CC5009C94E7 /* HelloFiixTests.swift */ = {isa = PBXFileReference; lastKnownFileType = sourcecode.swift; path = HelloFiixTests.swift; sourceTree = "<group>"; };
		DDB9448C1E492CC5009C94E7 /* Info.plist */ = {isa = PBXFileReference; lastKnownFileType = text.plist.xml; path = Info.plist; sourceTree = "<group>"; };
		DDB944911E492CC5009C94E7 /* HelloFiixUITests.xctest */ = {isa = PBXFileReference; explicitFileType = wrapper.cfbundle; includeInIndex = 0; path = HelloFiixUITests.xctest; sourceTree = BUILT_PRODUCTS_DIR; };
		DDB944951E492CC5009C94E7 /* HelloFiixUITests.swift */ = {isa = PBXFileReference; lastKnownFileType = sourcecode.swift; path = HelloFiixUITests.swift; sourceTree = "<group>"; };
		DDB944971E492CC5009C94E7 /* Info.plist */ = {isa = PBXFileReference; lastKnownFileType = text.plist.xml; path = Info.plist; sourceTree = "<group>"; };
/* End PBXFileReference section */

/* Begin PBXFrameworksBuildPhase section */
		DDB9446C1E492CC5009C94E7 /* Frameworks */ = {
			isa = PBXFrameworksBuildPhase;
			buildActionMask = 2147483647;
			files = (
				80D7A6411602FF8C94F64EDC /* Pods_HelloFiix.framework in Frameworks */,
			);
			runOnlyForDeploymentPostprocessing = 0;
		};
		DDB944831E492CC5009C94E7 /* Frameworks */ = {
			isa = PBXFrameworksBuildPhase;
			buildActionMask = 2147483647;
			files = (
				408C9E2E7CD76C08CE5680CC /* Pods_HelloFiixTests.framework in Frameworks */,
			);
			runOnlyForDeploymentPostprocessing = 0;
		};
		DDB9448E1E492CC5009C94E7 /* Frameworks */ = {
			isa = PBXFrameworksBuildPhase;
			buildActionMask = 2147483647;
			files = (
				76F0600A1858B47ECF9F3D50 /* Pods_HelloFiixUITests.framework in Frameworks */,
			);
			runOnlyForDeploymentPostprocessing = 0;
		};
/* End PBXFrameworksBuildPhase section */

/* Begin PBXGroup section */
		44C9239C20A600DE489265D6 /* Pods */ = {
			isa = PBXGroup;
			children = (
				9751BFB8C28D4E3357F96E6C /* Pods-HelloFiix.debug.xcconfig */,
				5E030E436CDB53D10F3178DC /* Pods-HelloFiix.release.xcconfig */,
				BC29E3C0BDC09CEA097E1476 /* Pods-HelloFiixTests.debug.xcconfig */,
				832A4AA389AA95CA769F8480 /* Pods-HelloFiixTests.release.xcconfig */,
				9CBE6CB58B570E71F6FB4D57 /* Pods-HelloFiixUITests.debug.xcconfig */,
				8034A8FE1CA6FDA985B3F6EB /* Pods-HelloFiixUITests.release.xcconfig */,
			);
			name = Pods;
			sourceTree = "<group>";
		};
		D5A064338DFA3F1D103671F1 /* Frameworks */ = {
			isa = PBXGroup;
			children = (
				34629871CA6E4889CBAD1C7F /* Pods_HelloFiix.framework */,
				2DABEC29584BA7B68CAE5F1C /* Pods_HelloFiixTests.framework */,
				63368EAF04F9D71AE631BEDC /* Pods_HelloFiixUITests.framework */,
			);
			name = Frameworks;
			sourceTree = "<group>";
		};
		DDB944661E492CC5009C94E7 = {
			isa = PBXGroup;
			children = (
				DDB944711E492CC5009C94E7 /* HelloFiix */,
				DDB944891E492CC5009C94E7 /* HelloFiixTests */,
				DDB944941E492CC5009C94E7 /* HelloFiixUITests */,
				DDB944701E492CC5009C94E7 /* Products */,
				44C9239C20A600DE489265D6 /* Pods */,
				D5A064338DFA3F1D103671F1 /* Frameworks */,
			);
			sourceTree = "<group>";
		};
		DDB944701E492CC5009C94E7 /* Products */ = {
			isa = PBXGroup;
			children = (
				DDB9446F1E492CC5009C94E7 /* HelloFiix.app */,
				DDB944861E492CC5009C94E7 /* HelloFiixTests.xctest */,
				DDB944911E492CC5009C94E7 /* HelloFiixUITests.xctest */,
			);
			name = Products;
			sourceTree = "<group>";
		};
		DDB944711E492CC5009C94E7 /* HelloFiix */ = {
			isa = PBXGroup;
			children = (
				DDB944721E492CC5009C94E7 /* AppDelegate.swift */,
				DDB944741E492CC5009C94E7 /* ViewController.swift */,
				DDB944761E492CC5009C94E7 /* Main.storyboard */,
				DDB9447C1E492CC5009C94E7 /* Assets.xcassets */,
				DDB9447E1E492CC5009C94E7 /* LaunchScreen.storyboard */,
				DDB944811E492CC5009C94E7 /* Info.plist */,
				DDB944791E492CC5009C94E7 /* HelloFiix.xcdatamodeld */,
			);
			path = HelloFiix;
			sourceTree = "<group>";
		};
		DDB944891E492CC5009C94E7 /* HelloFiixTests */ = {
			isa = PBXGroup;
			children = (
				DDB9448A1E492CC5009C94E7 /* HelloFiixTests.swift */,
				DDB9448C1E492CC5009C94E7 /* Info.plist */,
			);
			path = HelloFiixTests;
			sourceTree = "<group>";
		};
		DDB944941E492CC5009C94E7 /* HelloFiixUITests */ = {
			isa = PBXGroup;
			children = (
				DDB944951E492CC5009C94E7 /* HelloFiixUITests.swift */,
				DDB944971E492CC5009C94E7 /* Info.plist */,
			);
			path = HelloFiixUITests;
			sourceTree = "<group>";
		};
/* End PBXGroup section */

/* Begin PBXNativeTarget section */
		DDB9446E1E492CC5009C94E7 /* HelloFiix */ = {
			isa = PBXNativeTarget;
			buildConfigurationList = DDB9449A1E492CC5009C94E7 /* Build configuration list for PBXNativeTarget "HelloFiix" */;
			buildPhases = (
				9D2AA6205973F4BB28E5BDC0 /* [CP] Check Pods Manifest.lock */,
				DDB9446B1E492CC5009C94E7 /* Sources */,
				DDB9446C1E492CC5009C94E7 /* Frameworks */,
				DDB9446D1E492CC5009C94E7 /* Resources */,
				65DC136D833079E4573CCD03 /* [CP] Embed Pods Frameworks */,
				BB8B740141CC5ACC8E61ED07 /* [CP] Copy Pods Resources */,
			);
			buildRules = (
			);
			dependencies = (
			);
			name = HelloFiix;
			productName = HelloFiix;
			productReference = DDB9446F1E492CC5009C94E7 /* HelloFiix.app */;
			productType = "com.apple.product-type.application";
		};
		DDB944851E492CC5009C94E7 /* HelloFiixTests */ = {
			isa = PBXNativeTarget;
			buildConfigurationList = DDB9449D1E492CC5009C94E7 /* Build configuration list for PBXNativeTarget "HelloFiixTests" */;
			buildPhases = (
				D4AA1F095D337A73E7F922A0 /* [CP] Check Pods Manifest.lock */,
				DDB944821E492CC5009C94E7 /* Sources */,
				DDB944831E492CC5009C94E7 /* Frameworks */,
				DDB944841E492CC5009C94E7 /* Resources */,
				C11524135C321EDFDC19C38F /* [CP] Embed Pods Frameworks */,
				C79B65D8CCD6BBA83729AA02 /* [CP] Copy Pods Resources */,
			);
			buildRules = (
			);
			dependencies = (
				DDB944881E492CC5009C94E7 /* PBXTargetDependency */,
			);
			name = HelloFiixTests;
			productName = HelloFiixTests;
			productReference = DDB944861E492CC5009C94E7 /* HelloFiixTests.xctest */;
			productType = "com.apple.product-type.bundle.unit-test";
		};
		DDB944901E492CC5009C94E7 /* HelloFiixUITests */ = {
			isa = PBXNativeTarget;
			buildConfigurationList = DDB944A01E492CC5009C94E7 /* Build configuration list for PBXNativeTarget "HelloFiixUITests" */;
			buildPhases = (
				080589827D2C828C6ED85929 /* [CP] Check Pods Manifest.lock */,
				DDB9448D1E492CC5009C94E7 /* Sources */,
				DDB9448E1E492CC5009C94E7 /* Frameworks */,
				DDB9448F1E492CC5009C94E7 /* Resources */,
				AB1FB8DFAB868724E5DD1B95 /* [CP] Embed Pods Frameworks */,
				801379AEECDCEC0507DE899F /* [CP] Copy Pods Resources */,
			);
			buildRules = (
			);
			dependencies = (
				DDB944931E492CC5009C94E7 /* PBXTargetDependency */,
			);
			name = HelloFiixUITests;
			productName = HelloFiixUITests;
			productReference = DDB944911E492CC5009C94E7 /* HelloFiixUITests.xctest */;
			productType = "com.apple.product-type.bundle.ui-testing";
		};
/* End PBXNativeTarget section */

/* Begin PBXProject section */
		DDB944671E492CC5009C94E7 /* Project object */ = {
			isa = PBXProject;
			attributes = {
				LastSwiftUpdateCheck = 0820;
				LastUpgradeCheck = 0820;
				ORGANIZATIONNAME = "Eric Williams";
				TargetAttributes = {
					DDB9446E1E492CC5009C94E7 = {
						CreatedOnToolsVersion = 8.2.1;
						ProvisioningStyle = Automatic;
					};
					DDB944851E492CC5009C94E7 = {
						CreatedOnToolsVersion = 8.2.1;
						ProvisioningStyle = Automatic;
						TestTargetID = DDB9446E1E492CC5009C94E7;
					};
					DDB944901E492CC5009C94E7 = {
						CreatedOnToolsVersion = 8.2.1;
						ProvisioningStyle = Automatic;
						TestTargetID = DDB9446E1E492CC5009C94E7;
					};
				};
			};
			buildConfigurationList = DDB9446A1E492CC5009C94E7 /* Build configuration list for PBXProject "HelloFiix" */;
			compatibilityVersion = "Xcode 3.2";
			developmentRegion = English;
			hasScannedForEncodings = 0;
			knownRegions = (
				en,
				Base,
			);
			mainGroup = DDB944661E492CC5009C94E7;
			productRefGroup = DDB944701E492CC5009C94E7 /* Products */;
			projectDirPath = "";
			projectRoot = "";
			targets = (
				DDB9446E1E492CC5009C94E7 /* HelloFiix */,
				DDB944851E492CC5009C94E7 /* HelloFiixTests */,
				DDB944901E492CC5009C94E7 /* HelloFiixUITests */,
			);
		};
/* End PBXProject section */

/* Begin PBXResourcesBuildPhase section */
		DDB9446D1E492CC5009C94E7 /* Resources */ = {
			isa = PBXResourcesBuildPhase;
			buildActionMask = 2147483647;
			files = (
				DDB944801E492CC5009C94E7 /* LaunchScreen.storyboard in Resources */,
				DDB9447D1E492CC5009C94E7 /* Assets.xcassets in Resources */,
				DDB944781E492CC5009C94E7 /* Main.storyboard in Resources */,
			);
			runOnlyForDeploymentPostprocessing = 0;
		};
		DDB944841E492CC5009C94E7 /* Resources */ = {
			isa = PBXResourcesBuildPhase;
			buildActionMask = 2147483647;
			files = (
			);
			runOnlyForDeploymentPostprocessing = 0;
		};
		DDB9448F1E492CC5009C94E7 /* Resources */ = {
			isa = PBXResourcesBuildPhase;
			buildActionMask = 2147483647;
			files = (
			);
			runOnlyForDeploymentPostprocessing = 0;
		};
/* End PBXResourcesBuildPhase section */

/* Begin PBXShellScriptBuildPhase section */
		080589827D2C828C6ED85929 /* [CP] Check Pods Manifest.lock */ = {
			isa = PBXShellScriptBuildPhase;
			buildActionMask = 2147483647;
			files = (
			);
			inputPaths = (
			);
			name = "[CP] Check Pods Manifest.lock";
			outputPaths = (
			);
			runOnlyForDeploymentPostprocessing = 0;
			shellPath = /bin/sh;
			shellScript = "diff \"${PODS_ROOT}/../Podfile.lock\" \"${PODS_ROOT}/Manifest.lock\" > /dev/null\nif [ $? != 0 ] ; then\n    # print error to STDERR\n    echo \"error: The sandbox is not in sync with the Podfile.lock. Run 'pod install' or update your CocoaPods installation.\" >&2\n    exit 1\nfi\n";
			showEnvVarsInLog = 0;
		};
		65DC136D833079E4573CCD03 /* [CP] Embed Pods Frameworks */ = {
			isa = PBXShellScriptBuildPhase;
			buildActionMask = 2147483647;
			files = (
			);
			inputPaths = (
			);
			name = "[CP] Embed Pods Frameworks";
			outputPaths = (
			);
			runOnlyForDeploymentPostprocessing = 0;
			shellPath = /bin/sh;
			shellScript = "\"${SRCROOT}/Pods/Target Support Files/Pods-HelloFiix/Pods-HelloFiix-frameworks.sh\"\n";
			showEnvVarsInLog = 0;
		};
		801379AEECDCEC0507DE899F /* [CP] Copy Pods Resources */ = {
			isa = PBXShellScriptBuildPhase;
			buildActionMask = 2147483647;
			files = (
			);
			inputPaths = (
			);
			name = "[CP] Copy Pods Resources";
			outputPaths = (
			);
			runOnlyForDeploymentPostprocessing = 0;
			shellPath = /bin/sh;
			shellScript = "\"${SRCROOT}/Pods/Target Support Files/Pods-HelloFiixUITests/Pods-HelloFiixUITests-resources.sh\"\n";
			showEnvVarsInLog = 0;
		};
		9D2AA6205973F4BB28E5BDC0 /* [CP] Check Pods Manifest.lock */ = {
			isa = PBXShellScriptBuildPhase;
			buildActionMask = 2147483647;
			files = (
			);
			inputPaths = (
			);
			name = "[CP] Check Pods Manifest.lock";
			outputPaths = (
			);
			runOnlyForDeploymentPostprocessing = 0;
			shellPath = /bin/sh;
			shellScript = "diff \"${PODS_ROOT}/../Podfile.lock\" \"${PODS_ROOT}/Manifest.lock\" > /dev/null\nif [ $? != 0 ] ; then\n    # print error to STDERR\n    echo \"error: The sandbox is not in sync with the Podfile.lock. Run 'pod install' or update your CocoaPods installation.\" >&2\n    exit 1\nfi\n";
			showEnvVarsInLog = 0;
		};
		AB1FB8DFAB868724E5DD1B95 /* [CP] Embed Pods Frameworks */ = {
			isa = PBXShellScriptBuildPhase;
			buildActionMask = 2147483647;
			files = (
			);
			inputPaths = (
			);
			name = "[CP] Embed Pods Frameworks";
			outputPaths = (
			);
			runOnlyForDeploymentPostprocessing = 0;
			shellPath = /bin/sh;
			shellScript = "\"${SRCROOT}/Pods/Target Support Files/Pods-HelloFiixUITests/Pods-HelloFiixUITests-frameworks.sh\"\n";
			showEnvVarsInLog = 0;
		};
		BB8B740141CC5ACC8E61ED07 /* [CP] Copy Pods Resources */ = {
			isa = PBXShellScriptBuildPhase;
			buildActionMask = 2147483647;
			files = (
			);
			inputPaths = (
			);
			name = "[CP] Copy Pods Resources";
			outputPaths = (
			);
			runOnlyForDeploymentPostprocessing = 0;
			shellPath = /bin/sh;
			shellScript = "\"${SRCROOT}/Pods/Target Support Files/Pods-HelloFiix/Pods-HelloFiix-resources.sh\"\n";
			showEnvVarsInLog = 0;
		};
		C11524135C321EDFDC19C38F /* [CP] Embed Pods Frameworks */ = {
			isa = PBXShellScriptBuildPhase;
			buildActionMask = 2147483647;
			files = (
			);
			inputPaths = (
			);
			name = "[CP] Embed Pods Frameworks";
			outputPaths = (
			);
			runOnlyForDeploymentPostprocessing = 0;
			shellPath = /bin/sh;
			shellScript = "\"${SRCROOT}/Pods/Target Support Files/Pods-HelloFiixTests/Pods-HelloFiixTests-frameworks.sh\"\n";
			showEnvVarsInLog = 0;
		};
		C79B65D8CCD6BBA83729AA02 /* [CP] Copy Pods Resources */ = {
			isa = PBXShellScriptBuildPhase;
			buildActionMask = 2147483647;
			files = (
			);
			inputPaths = (
			);
			name = "[CP] Copy Pods Resources";
			outputPaths = (
			);
			runOnlyForDeploymentPostprocessing = 0;
			shellPath = /bin/sh;
			shellScript = "\"${SRCROOT}/Pods/Target Support Files/Pods-HelloFiixTests/Pods-HelloFiixTests-resources.sh\"\n";
			showEnvVarsInLog = 0;
		};
		D4AA1F095D337A73E7F922A0 /* [CP] Check Pods Manifest.lock */ = {
			isa = PBXShellScriptBuildPhase;
			buildActionMask = 2147483647;
			files = (
			);
			inputPaths = (
			);
			name = "[CP] Check Pods Manifest.lock";
			outputPaths = (
			);
			runOnlyForDeploymentPostprocessing = 0;
			shellPath = /bin/sh;
			shellScript = "diff \"${PODS_ROOT}/../Podfile.lock\" \"${PODS_ROOT}/Manifest.lock\" > /dev/null\nif [ $? != 0 ] ; then\n    # print error to STDERR\n    echo \"error: The sandbox is not in sync with the Podfile.lock. Run 'pod install' or update your CocoaPods installation.\" >&2\n    exit 1\nfi\n";
			showEnvVarsInLog = 0;
		};
/* End PBXShellScriptBuildPhase section */

/* Begin PBXSourcesBuildPhase section */
		DDB9446B1E492CC5009C94E7 /* Sources */ = {
			isa = PBXSourcesBuildPhase;
			buildActionMask = 2147483647;
			files = (
				DDB944751E492CC5009C94E7 /* ViewController.swift in Sources */,
				DDB9447B1E492CC5009C94E7 /* HelloFiix.xcdatamodeld in Sources */,
				DDB944731E492CC5009C94E7 /* AppDelegate.swift in Sources */,
			);
			runOnlyForDeploymentPostprocessing = 0;
		};
		DDB944821E492CC5009C94E7 /* Sources */ = {
			isa = PBXSourcesBuildPhase;
			buildActionMask = 2147483647;
			files = (
				DDB9448B1E492CC5009C94E7 /* HelloFiixTests.swift in Sources */,
			);
			runOnlyForDeploymentPostprocessing = 0;
		};
		DDB9448D1E492CC5009C94E7 /* Sources */ = {
			isa = PBXSourcesBuildPhase;
			buildActionMask = 2147483647;
			files = (
				DDB944961E492CC5009C94E7 /* HelloFiixUITests.swift in Sources */,
			);
			runOnlyForDeploymentPostprocessing = 0;
		};
/* End PBXSourcesBuildPhase section */

/* Begin PBXTargetDependency section */
		DDB944881E492CC5009C94E7 /* PBXTargetDependency */ = {
			isa = PBXTargetDependency;
			target = DDB9446E1E492CC5009C94E7 /* HelloFiix */;
			targetProxy = DDB944871E492CC5009C94E7 /* PBXContainerItemProxy */;
		};
		DDB944931E492CC5009C94E7 /* PBXTargetDependency */ = {
			isa = PBXTargetDependency;
			target = DDB9446E1E492CC5009C94E7 /* HelloFiix */;
			targetProxy = DDB944921E492CC5009C94E7 /* PBXContainerItemProxy */;
		};
/* End PBXTargetDependency section */

/* Begin PBXVariantGroup section */
		DDB944761E492CC5009C94E7 /* Main.storyboard */ = {
			isa = PBXVariantGroup;
			children = (
				DDB944771E492CC5009C94E7 /* Base */,
			);
			name = Main.storyboard;
			sourceTree = "<group>";
		};
		DDB9447E1E492CC5009C94E7 /* LaunchScreen.storyboard */ = {
			isa = PBXVariantGroup;
			children = (
				DDB9447F1E492CC5009C94E7 /* Base */,
			);
			name = LaunchScreen.storyboard;
			sourceTree = "<group>";
		};
/* End PBXVariantGroup section */

/* Begin XCBuildConfiguration section */
		DDB944981E492CC5009C94E7 /* Debug */ = {
			isa = XCBuildConfiguration;
			buildSettings = {
				ALWAYS_SEARCH_USER_PATHS = NO;
				CLANG_ANALYZER_NONNULL = YES;
				CLANG_CXX_LANGUAGE_STANDARD = "gnu++0x";
				CLANG_CXX_LIBRARY = "libc++";
				CLANG_ENABLE_MODULES = YES;
				CLANG_ENABLE_OBJC_ARC = YES;
				CLANG_WARN_BOOL_CONVERSION = YES;
				CLANG_WARN_CONSTANT_CONVERSION = YES;
				CLANG_WARN_DIRECT_OBJC_ISA_USAGE = YES_ERROR;
				CLANG_WARN_DOCUMENTATION_COMMENTS = YES;
				CLANG_WARN_EMPTY_BODY = YES;
				CLANG_WARN_ENUM_CONVERSION = YES;
				CLANG_WARN_INFINITE_RECURSION = YES;
				CLANG_WARN_INT_CONVERSION = YES;
				CLANG_WARN_OBJC_ROOT_CLASS = YES_ERROR;
				CLANG_WARN_SUSPICIOUS_MOVE = YES;
				CLANG_WARN_UNREACHABLE_CODE = YES;
				CLANG_WARN__DUPLICATE_METHOD_MATCH = YES;
				"CODE_SIGN_IDENTITY[sdk=iphoneos*]" = "iPhone Developer";
				COPY_PHASE_STRIP = NO;
				DEBUG_INFORMATION_FORMAT = dwarf;
				ENABLE_STRICT_OBJC_MSGSEND = YES;
				ENABLE_TESTABILITY = YES;
				GCC_C_LANGUAGE_STANDARD = gnu99;
				GCC_DYNAMIC_NO_PIC = NO;
				GCC_NO_COMMON_BLOCKS = YES;
				GCC_OPTIMIZATION_LEVEL = 0;
				GCC_PREPROCESSOR_DEFINITIONS = (
					"DEBUG=1",
					"$(inherited)",
				);
				GCC_WARN_64_TO_32_BIT_CONVERSION = YES;
				GCC_WARN_ABOUT_RETURN_TYPE = YES_ERROR;
				GCC_WARN_UNDECLARED_SELECTOR = YES;
				GCC_WARN_UNINITIALIZED_AUTOS = YES_AGGRESSIVE;
				GCC_WARN_UNUSED_FUNCTION = YES;
				GCC_WARN_UNUSED_VARIABLE = YES;
				IPHONEOS_DEPLOYMENT_TARGET = 10.2;
				MTL_ENABLE_DEBUG_INFO = YES;
				ONLY_ACTIVE_ARCH = YES;
				SDKROOT = iphoneos;
				SWIFT_ACTIVE_COMPILATION_CONDITIONS = DEBUG;
				SWIFT_OPTIMIZATION_LEVEL = "-Onone";
				TARGETED_DEVICE_FAMILY = "1,2";
			};
			name = Debug;
		};
		DDB944991E492CC5009C94E7 /* Release */ = {
			isa = XCBuildConfiguration;
			buildSettings = {
				ALWAYS_SEARCH_USER_PATHS = NO;
				CLANG_ANALYZER_NONNULL = YES;
				CLANG_CXX_LANGUAGE_STANDARD = "gnu++0x";
				CLANG_CXX_LIBRARY = "libc++";
				CLANG_ENABLE_MODULES = YES;
				CLANG_ENABLE_OBJC_ARC = YES;
				CLANG_WARN_BOOL_CONVERSION = YES;
				CLANG_WARN_CONSTANT_CONVERSION = YES;
				CLANG_WARN_DIRECT_OBJC_ISA_USAGE = YES_ERROR;
				CLANG_WARN_DOCUMENTATION_COMMENTS = YES;
				CLANG_WARN_EMPTY_BODY = YES;
				CLANG_WARN_ENUM_CONVERSION = YES;
				CLANG_WARN_INFINITE_RECURSION = YES;
				CLANG_WARN_INT_CONVERSION = YES;
				CLANG_WARN_OBJC_ROOT_CLASS = YES_ERROR;
				CLANG_WARN_SUSPICIOUS_MOVE = YES;
				CLANG_WARN_UNREACHABLE_CODE = YES;
				CLANG_WARN__DUPLICATE_METHOD_MATCH = YES;
				"CODE_SIGN_IDENTITY[sdk=iphoneos*]" = "iPhone Developer";
				COPY_PHASE_STRIP = NO;
				DEBUG_INFORMATION_FORMAT = "dwarf-with-dsym";
				ENABLE_NS_ASSERTIONS = NO;
				ENABLE_STRICT_OBJC_MSGSEND = YES;
				GCC_C_LANGUAGE_STANDARD = gnu99;
				GCC_NO_COMMON_BLOCKS = YES;
				GCC_WARN_64_TO_32_BIT_CONVERSION = YES;
				GCC_WARN_ABOUT_RETURN_TYPE = YES_ERROR;
				GCC_WARN_UNDECLARED_SELECTOR = YES;
				GCC_WARN_UNINITIALIZED_AUTOS = YES_AGGRESSIVE;
				GCC_WARN_UNUSED_FUNCTION = YES;
				GCC_WARN_UNUSED_VARIABLE = YES;
				IPHONEOS_DEPLOYMENT_TARGET = 10.2;
				MTL_ENABLE_DEBUG_INFO = NO;
				SDKROOT = iphoneos;
				SWIFT_OPTIMIZATION_LEVEL = "-Owholemodule";
				TARGETED_DEVICE_FAMILY = "1,2";
				VALIDATE_PRODUCT = YES;
			};
			name = Release;
		};
		DDB9449B1E492CC5009C94E7 /* Debug */ = {
			isa = XCBuildConfiguration;
			baseConfigurationReference = 9751BFB8C28D4E3357F96E6C /* Pods-HelloFiix.debug.xcconfig */;
			buildSettings = {
				ASSETCATALOG_COMPILER_APPICON_NAME = AppIcon;
				INFOPLIST_FILE = HelloFiix/Info.plist;
				LD_RUNPATH_SEARCH_PATHS = "$(inherited) @executable_path/Frameworks";
				PRODUCT_BUNDLE_IDENTIFIER = com.fiixsoftware.HelloFiix.HelloFiix;
				PRODUCT_NAME = "$(TARGET_NAME)";
				SWIFT_VERSION = 3.0;
			};
			name = Debug;
		};
		DDB9449C1E492CC5009C94E7 /* Release */ = {
			isa = XCBuildConfiguration;
			baseConfigurationReference = 5E030E436CDB53D10F3178DC /* Pods-HelloFiix.release.xcconfig */;
			buildSettings = {
				ASSETCATALOG_COMPILER_APPICON_NAME = AppIcon;
				INFOPLIST_FILE = HelloFiix/Info.plist;
				LD_RUNPATH_SEARCH_PATHS = "$(inherited) @executable_path/Frameworks";
				PRODUCT_BUNDLE_IDENTIFIER = com.fiixsoftware.HelloFiix.HelloFiix;
				PRODUCT_NAME = "$(TARGET_NAME)";
				SWIFT_VERSION = 3.0;
			};
			name = Release;
		};
		DDB9449E1E492CC5009C94E7 /* Debug */ = {
			isa = XCBuildConfiguration;
			baseConfigurationReference = BC29E3C0BDC09CEA097E1476 /* Pods-HelloFiixTests.debug.xcconfig */;
			buildSettings = {
				ALWAYS_EMBED_SWIFT_STANDARD_LIBRARIES = YES;
				BUNDLE_LOADER = "$(TEST_HOST)";
				INFOPLIST_FILE = HelloFiixTests/Info.plist;
				LD_RUNPATH_SEARCH_PATHS = "$(inherited) @executable_path/Frameworks @loader_path/Frameworks";
				PRODUCT_BUNDLE_IDENTIFIER = com.fiixsoftware.HelloFiix.HelloFiixTests;
				PRODUCT_NAME = "$(TARGET_NAME)";
				SWIFT_VERSION = 3.0;
				TEST_HOST = "$(BUILT_PRODUCTS_DIR)/HelloFiix.app/HelloFiix";
			};
			name = Debug;
		};
		DDB9449F1E492CC5009C94E7 /* Release */ = {
			isa = XCBuildConfiguration;
			baseConfigurationReference = 832A4AA389AA95CA769F8480 /* Pods-HelloFiixTests.release.xcconfig */;
			buildSettings = {
				ALWAYS_EMBED_SWIFT_STANDARD_LIBRARIES = YES;
				BUNDLE_LOADER = "$(TEST_HOST)";
				INFOPLIST_FILE = HelloFiixTests/Info.plist;
				LD_RUNPATH_SEARCH_PATHS = "$(inherited) @executable_path/Frameworks @loader_path/Frameworks";
				PRODUCT_BUNDLE_IDENTIFIER = com.fiixsoftware.HelloFiix.HelloFiixTests;
				PRODUCT_NAME = "$(TARGET_NAME)";
				SWIFT_VERSION = 3.0;
				TEST_HOST = "$(BUILT_PRODUCTS_DIR)/HelloFiix.app/HelloFiix";
			};
			name = Release;
		};
		DDB944A11E492CC5009C94E7 /* Debug */ = {
			isa = XCBuildConfiguration;
			baseConfigurationReference = 9CBE6CB58B570E71F6FB4D57 /* Pods-HelloFiixUITests.debug.xcconfig */;
			buildSettings = {
				ALWAYS_EMBED_SWIFT_STANDARD_LIBRARIES = YES;
				INFOPLIST_FILE = HelloFiixUITests/Info.plist;
				LD_RUNPATH_SEARCH_PATHS = "$(inherited) @executable_path/Frameworks @loader_path/Frameworks";
				PRODUCT_BUNDLE_IDENTIFIER = com.fiixsoftware.HelloFiix.HelloFiixUITests;
				PRODUCT_NAME = "$(TARGET_NAME)";
				SWIFT_VERSION = 3.0;
				TEST_TARGET_NAME = HelloFiix;
			};
			name = Debug;
		};
		DDB944A21E492CC5009C94E7 /* Release */ = {
			isa = XCBuildConfiguration;
			baseConfigurationReference = 8034A8FE1CA6FDA985B3F6EB /* Pods-HelloFiixUITests.release.xcconfig */;
			buildSettings = {
				ALWAYS_EMBED_SWIFT_STANDARD_LIBRARIES = YES;
				INFOPLIST_FILE = HelloFiixUITests/Info.plist;
				LD_RUNPATH_SEARCH_PATHS = "$(inherited) @executable_path/Frameworks @loader_path/Frameworks";
				PRODUCT_BUNDLE_IDENTIFIER = com.fiixsoftware.HelloFiix.HelloFiixUITests;
				PRODUCT_NAME = "$(TARGET_NAME)";
				SWIFT_VERSION = 3.0;
				TEST_TARGET_NAME = HelloFiix;
			};
			name = Release;
		};
/* End XCBuildConfiguration section */

/* Begin XCConfigurationList section */
		DDB9446A1E492CC5009C94E7 /* Build configuration list for PBXProject "HelloFiix" */ = {
			isa = XCConfigurationList;
			buildConfigurations = (
				DDB944981E492CC5009C94E7 /* Debug */,
				DDB944991E492CC5009C94E7 /* Release */,
			);
			defaultConfigurationIsVisible = 0;
			defaultConfigurationName = Release;
		};
		DDB9449A1E492CC5009C94E7 /* Build configuration list for PBXNativeTarget "HelloFiix" */ = {
			isa = XCConfigurationList;
			buildConfigurations = (
				DDB9449B1E492CC5009C94E7 /* Debug */,
				DDB9449C1E492CC5009C94E7 /* Release */,
			);
			defaultConfigurationIsVisible = 0;
		};
		DDB9449D1E492CC5009C94E7 /* Build configuration list for PBXNativeTarget "HelloFiixTests" */ = {
			isa = XCConfigurationList;
			buildConfigurations = (
				DDB9449E1E492CC5009C94E7 /* Debug */,
				DDB9449F1E492CC5009C94E7 /* Release */,
			);
			defaultConfigurationIsVisible = 0;
		};
		DDB944A01E492CC5009C94E7 /* Build configuration list for PBXNativeTarget "HelloFiixUITests" */ = {
			isa = XCConfigurationList;
			buildConfigurations = (
				DDB944A11E492CC5009C94E7 /* Debug */,
				DDB944A21E492CC5009C94E7 /* Release */,
			);
			defaultConfigurationIsVisible = 0;
		};
/* End XCConfigurationList section */

/* Begin XCVersionGroup section */
		DDB944791E492CC5009C94E7 /* HelloFiix.xcdatamodeld */ = {
			isa = XCVersionGroup;
			children = (
				DDB9447A1E492CC5009C94E7 /* HelloFiix.xcdatamodel */,
			);
			currentVersion = DDB9447A1E492CC5009C94E7 /* HelloFiix.xcdatamodel */;
			path = HelloFiix.xcdatamodeld;
			sourceTree = "<group>";
			versionGroupType = wrapper.xcdatamodel;
		};
/* End XCVersionGroup section */
	};
	rootObject = DDB944671E492CC5009C94E7 /* Project object */;
}
